
Microsoft Visual Studio Solution File, Format Version 12.00
# Visual Studio Version 17
VisualStudioVersion = 17.9.34728.123
MinimumVisualStudioVersion = 10.0.40219.1
Project("{8BC9CEB8-8B4A-11D0-8D11-00A0C91BC942}") = "CustomQuickchat", "CustomQuickchat\CustomQuickchat.vcxproj", "{3D992E0D-117A-4050-AA7C-C05F2C6E06D0}"
EndProject
Global
	GlobalSection(SolutionConfigurationPlatforms) = preSolution
		Release|x64 = Release|x64
	EndGlobalSection
	GlobalSection(ProjectConfigurationPlatforms) = postSolution
		{3D992E0D-117A-4050-AA7C-C05F2C6E06D0}.Release|x64.ActiveCfg = Release|x64
		{3D992E0D-117A-4050-AA7C-C05F2C6E06D0}.Release|x64.Build.0 = Release|x64
	EndGlobalSection
	GlobalSection(SolutionProperties) = preSolution
		HideSolutionNode = FALSE
	EndGlobalSection
	GlobalSection(ExtensibilityGlobals) = postSolution
		SolutionGuid = {520BB8E2-7C7E-4AAC-AB72-6042F8BB9F39}
	EndGlobalSection
EndGlobal
