<?xml version="1.0" encoding="utf-8"?>
<Project ToolsVersion="4.0" xmlns="http://schemas.microsoft.com/developer/msbuild/2003">
  <ItemGroup>
    <Filter Include="Source Files">
      <UniqueIdentifier>{4FC737F1-C7A5-4376-A066-2A32D752A2FF}</UniqueIdentifier>
      <Extensions>cpp;c;cc;cxx;def;odl;idl;hpj;bat;asm;asmx</Extensions>
    </Filter>
    <Filter Include="Header Files">
      <UniqueIdentifier>{93995380-89BD-4b04-88EB-625FBE52EBFB}</UniqueIdentifier>
      <Extensions>h;hh;hpp;hxx;hm;inl;inc;ipp;xsd</Extensions>
    </Filter>
    <Filter Include="Resource Files">
      <UniqueIdentifier>{67DA6AB6-F800-4c08-8B7A-83BB121AAD01}</UniqueIdentifier>
      <Extensions>rc;ico;cur;bmp;dlg;rc2;rct;bin;rgs;gif;jpg;jpeg;jpe;resx;tiff;tif;png;wav;mfcribbon-ms</Extensions>
    </Filter>
    <Filter Include="PCH">
      <UniqueIdentifier>{65407bae-1075-4bdd-9dfd-acc5a636ec02}</UniqueIdentifier>
    </Filter>
    <Filter Include="Plugin">
      <UniqueIdentifier>{a1b543a5-c4b7-4cf1-8adf-c2f26cf59952}</UniqueIdentifier>
    </Filter>
    <Filter Include="Plugin\header">
      <UniqueIdentifier>{46d01869-81e6-496b-b2c1-aeeb13d6b983}</UniqueIdentifier>
    </Filter>
    <Filter Include="Plugin\src">
      <UniqueIdentifier>{33ae5c6a-718c-410e-bdb8-9c032f65c710}</UniqueIdentifier>
    </Filter>
    <Filter Include="Components">
      <UniqueIdentifier>{3719ac94-a374-4040-9cef-ab9326c3fc8e}</UniqueIdentifier>
    </Filter>
    <Filter Include="Components\Components">
      <UniqueIdentifier>{afe9241a-4d50-4130-aa20-c56110732358}</UniqueIdentifier>
    </Filter>
    <Filter Include="RLSDK">
      <UniqueIdentifier>{16ff26c6-d076-4274-b991-adf29c0e17c0}</UniqueIdentifier>
    </Filter>
    <Filter Include="RLSDK\SDK_HEADERS">
      <UniqueIdentifier>{6e350278-b000-41da-9759-6aa69cce2943}</UniqueIdentifier>
    </Filter>
    <Filter Include="utils">
      <UniqueIdentifier>{f3846979-7063-40cb-a674-39440ba8fdd3}</UniqueIdentifier>
    </Filter>
    <Filter Include="utils\util">
      <UniqueIdentifier>{73910cd9-1373-4817-9baa-5fce748cec8a}</UniqueIdentifier>
    </Filter>
    <Filter Include="utils\gui">
      <UniqueIdentifier>{4806fe9b-b7ac-418f-b2d9-5f0e0b451236}</UniqueIdentifier>
    </Filter>
    <Filter Include="IMGUI">
      <UniqueIdentifier>{3ce7c7d9-29c5-4827-9149-3fca3b3d3c6a}</UniqueIdentifier>
    </Filter>
  </ItemGroup>
  <ItemGroup>
    <ClCompile Include="pch.cpp">
      <Filter>PCH</Filter>
    </ClCompile>
    <ClCompile Include="CustomQuickchat.cpp">
      <Filter>Plugin\src</Filter>
    </ClCompile>
    <ClCompile Include="GuiBase.cpp">
      <Filter>Plugin\src</Filter>
    </ClCompile>
    <ClCompile Include="Functions.cpp">
      <Filter>Plugin\src</Filter>
    </ClCompile>
    <ClCompile Include="Settings.cpp">
      <Filter>Plugin\src</Filter>
    </ClCompile>
    <ClCompile Include="TextEffects.cpp">
      <Filter>Plugin\src</Filter>
    </ClCompile>
    <ClCompile Include="SpeechToText.cpp">
      <Filter>Plugin\src</Filter>
    </ClCompile>
    <ClCompile Include="Components\Components\Instances.cpp">
      <Filter>Components\Components</Filter>
    </ClCompile>
    <ClCompile Include="Commands.cpp">
      <Filter>Plugin\src</Filter>
    </ClCompile>
    <ClCompile Include="CvarChangeCallbacks.cpp">
      <Filter>Plugin\src</Filter>
    </ClCompile>
    <ClCompile Include="Events.cpp">
      <Filter>Plugin\src</Filter>
    </ClCompile>
    <ClCompile Include="RegisterCvars.cpp">
      <Filter>Plugin\src</Filter>
    </ClCompile>
    <ClCompile Include="Components\Components\WebsocketManager.cpp">
      <Filter>Components\Components</Filter>
    </ClCompile>
    <ClCompile Include="Components\Components\LobbyInfo.cpp">
      <Filter>Components\Components</Filter>
    </ClCompile>
    <ClCompile Include="..\external\RLSDK\RLSDK_w_pch_includes\GameDefines.cpp">
      <Filter>RLSDK</Filter>
    </ClCompile>
    <ClCompile Include="..\external\RLSDK\RLSDK_w_pch_includes\SDK_HEADERS\AkAudio_classes.cpp">
      <Filter>RLSDK\SDK_HEADERS</Filter>
    </ClCompile>
    <ClCompile Include="..\external\RLSDK\RLSDK_w_pch_includes\SDK_HEADERS\Core_classes.cpp">
      <Filter>RLSDK\SDK_HEADERS</Filter>
    </ClCompile>
    <ClCompile Include="..\external\RLSDK\RLSDK_w_pch_includes\SDK_HEADERS\Engine_classes.cpp">
      <Filter>RLSDK\SDK_HEADERS</Filter>
    </ClCompile>
    <ClCompile Include="..\external\RLSDK\RLSDK_w_pch_includes\SDK_HEADERS\GFxUI_classes.cpp">
      <Filter>RLSDK\SDK_HEADERS</Filter>
    </ClCompile>
    <ClCompile Include="..\external\RLSDK\RLSDK_w_pch_includes\SDK_HEADERS\IpDrv_classes.cpp">
      <Filter>RLSDK\SDK_HEADERS</Filter>
    </ClCompile>
    <ClCompile Include="..\external\RLSDK\RLSDK_w_pch_includes\SDK_HEADERS\OnlineSubsystemEOS_classes.cpp">
      <Filter>RLSDK\SDK_HEADERS</Filter>
    </ClCompile>
    <ClCompile Include="..\external\RLSDK\RLSDK_w_pch_includes\SDK_HEADERS\ProjectX_classes.cpp">
      <Filter>RLSDK\SDK_HEADERS</Filter>
    </ClCompile>
    <ClCompile Include="..\external\RLSDK\RLSDK_w_pch_includes\SDK_HEADERS\TAGame_classes.cpp">
      <Filter>RLSDK\SDK_HEADERS</Filter>
    </ClCompile>
    <ClCompile Include="..\external\RLSDK\RLSDK_w_pch_includes\SDK_HEADERS\WinDrv_classes.cpp">
      <Filter>RLSDK\SDK_HEADERS</Filter>
    </ClCompile>
    <ClCompile Include="..\external\RLSDK\RLSDK_w_pch_includes\SDK_HEADERS\XAudio2_classes.cpp">
      <Filter>RLSDK\SDK_HEADERS</Filter>
    </ClCompile>
    <ClCompile Include="..\external\ModUtils\gui\GuiTools.cpp">
      <Filter>utils\gui</Filter>
    </ClCompile>
    <ClCompile Include="..\external\ModUtils\util\Utils.cpp">
      <Filter>utils\util</Filter>
    </ClCompile>
    <ClCompile Include="..\external\BakkesmodPluginTemplate\IMGUI\imgui.cpp">
      <Filter>IMGUI</Filter>
    </ClCompile>
    <ClCompile Include="..\external\BakkesmodPluginTemplate\IMGUI\imgui_additions.cpp">
      <Filter>IMGUI</Filter>
    </ClCompile>
    <ClCompile Include="..\external\BakkesmodPluginTemplate\IMGUI\imgui_demo.cpp">
      <Filter>IMGUI</Filter>
    </ClCompile>
    <ClCompile Include="..\external\BakkesmodPluginTemplate\IMGUI\imgui_draw.cpp">
      <Filter>IMGUI</Filter>
    </ClCompile>
    <ClCompile Include="..\external\BakkesmodPluginTemplate\IMGUI\imgui_impl_dx11.cpp">
      <Filter>IMGUI</Filter>
    </ClCompile>
    <ClCompile Include="..\external\BakkesmodPluginTemplate\IMGUI\imgui_impl_win32.cpp">
      <Filter>IMGUI</Filter>
    </ClCompile>
    <ClCompile Include="..\external\BakkesmodPluginTemplate\IMGUI\imgui_rangeslider.cpp">
      <Filter>IMGUI</Filter>
    </ClCompile>
    <ClCompile Include="..\external\BakkesmodPluginTemplate\IMGUI\imgui_searchablecombo.cpp">
      <Filter>IMGUI</Filter>
    </ClCompile>
    <ClCompile Include="..\external\BakkesmodPluginTemplate\IMGUI\imgui_stdlib.cpp">
      <Filter>IMGUI</Filter>
    </ClCompile>
    <ClCompile Include="..\external\BakkesmodPluginTemplate\IMGUI\imgui_timeline.cpp">
      <Filter>IMGUI</Filter>
    </ClCompile>
    <ClCompile Include="..\external\BakkesmodPluginTemplate\IMGUI\imgui_widgets.cpp">
      <Filter>IMGUI</Filter>
    </ClCompile>
    <ClCompile Include="..\external\BakkesmodPluginTemplate\IMGUI\imguivariouscontrols.cpp">
      <Filter>IMGUI</Filter>
    </ClCompile>
  </ItemGroup>
  <ItemGroup>
    <ClInclude Include="version.h">
      <Filter>Header Files</Filter>
    </ClInclude>
    <ClInclude Include="pch.h">
      <Filter>PCH</Filter>
    </ClInclude>
    <ClInclude Include="CustomQuickchat.h">
      <Filter>Plugin\header</Filter>
    </ClInclude>
    <ClInclude Include="logging.h">
      <Filter>Plugin\header</Filter>
    </ClInclude>
    <ClInclude Include="GuiBase.h">
      <Filter>Plugin\header</Filter>
    </ClInclude>
    <ClInclude Include="Keys.h">
      <Filter>Plugin\header</Filter>
    </ClInclude>
    <ClInclude Include="TextEffects.h">
      <Filter>Plugin\header</Filter>
    </ClInclude>
    <ClInclude Include="Components\Includes.hpp">
      <Filter>Components</Filter>
    </ClInclude>
    <ClInclude Include="Components\Components\Instances.hpp">
      <Filter>Components\Components</Filter>
    </ClInclude>
    <ClInclude Include="Cvars.hpp">
      <Filter>Plugin\header</Filter>
    </ClInclude>
    <ClInclude Include="Events.hpp">
      <Filter>Plugin\header</Filter>
    </ClInclude>
    <ClInclude Include="Structs.hpp">
      <Filter>Plugin\header</Filter>
    </ClInclude>
    <ClInclude Include="Macros.hpp">
      <Filter>Plugin\header</Filter>
    </ClInclude>
    <ClInclude Include="Components\Components\WebsocketManager.hpp">
      <Filter>Components\Components</Filter>
    </ClInclude>
    <ClInclude Include="Components\Components\LobbyInfo.hpp">
      <Filter>Components\Components</Filter>
    </ClInclude>
    <ClInclude Include="..\external\RLSDK\RLSDK_w_pch_includes\GameDefines.hpp">
      <Filter>RLSDK</Filter>
    </ClInclude>
    <ClInclude Include="..\external\RLSDK\RLSDK_w_pch_includes\SdkHeaders.hpp">
      <Filter>RLSDK</Filter>
    </ClInclude>
    <ClInclude Include="..\external\RLSDK\RLSDK_w_pch_includes\SDK_HEADERS\AkAudio_classes.hpp">
      <Filter>RLSDK\SDK_HEADERS</Filter>
    </ClInclude>
    <ClInclude Include="..\external\RLSDK\RLSDK_w_pch_includes\SDK_HEADERS\AkAudio_parameters.hpp">
      <Filter>RLSDK\SDK_HEADERS</Filter>
    </ClInclude>
    <ClInclude Include="..\external\RLSDK\RLSDK_w_pch_includes\SDK_HEADERS\AkAudio_structs.hpp">
      <Filter>RLSDK\SDK_HEADERS</Filter>
    </ClInclude>
    <ClInclude Include="..\external\RLSDK\RLSDK_w_pch_includes\SDK_HEADERS\Core_classes.hpp">
      <Filter>RLSDK\SDK_HEADERS</Filter>
    </ClInclude>
    <ClInclude Include="..\external\RLSDK\RLSDK_w_pch_includes\SDK_HEADERS\Core_parameters.hpp">
      <Filter>RLSDK\SDK_HEADERS</Filter>
    </ClInclude>
    <ClInclude Include="..\external\RLSDK\RLSDK_w_pch_includes\SDK_HEADERS\Core_structs.hpp">
      <Filter>RLSDK\SDK_HEADERS</Filter>
    </ClInclude>
    <ClInclude Include="..\external\RLSDK\RLSDK_w_pch_includes\SDK_HEADERS\Engine_classes.hpp">
      <Filter>RLSDK\SDK_HEADERS</Filter>
    </ClInclude>
    <ClInclude Include="..\external\RLSDK\RLSDK_w_pch_includes\SDK_HEADERS\Engine_parameters.hpp">
      <Filter>RLSDK\SDK_HEADERS</Filter>
    </ClInclude>
    <ClInclude Include="..\external\RLSDK\RLSDK_w_pch_includes\SDK_HEADERS\Engine_structs.hpp">
      <Filter>RLSDK\SDK_HEADERS</Filter>
    </ClInclude>
    <ClInclude Include="..\external\RLSDK\RLSDK_w_pch_includes\SDK_HEADERS\GFxUI_classes.hpp">
      <Filter>RLSDK\SDK_HEADERS</Filter>
    </ClInclude>
    <ClInclude Include="..\external\RLSDK\RLSDK_w_pch_includes\SDK_HEADERS\GFxUI_parameters.hpp">
      <Filter>RLSDK\SDK_HEADERS</Filter>
    </ClInclude>
    <ClInclude Include="..\external\RLSDK\RLSDK_w_pch_includes\SDK_HEADERS\GFxUI_structs.hpp">
      <Filter>RLSDK\SDK_HEADERS</Filter>
    </ClInclude>
    <ClInclude Include="..\external\RLSDK\RLSDK_w_pch_includes\SDK_HEADERS\IpDrv_classes.hpp">
      <Filter>RLSDK\SDK_HEADERS</Filter>
    </ClInclude>
    <ClInclude Include="..\external\RLSDK\RLSDK_w_pch_includes\SDK_HEADERS\IpDrv_parameters.hpp">
      <Filter>RLSDK\SDK_HEADERS</Filter>
    </ClInclude>
    <ClInclude Include="..\external\RLSDK\RLSDK_w_pch_includes\SDK_HEADERS\IpDrv_structs.hpp">
      <Filter>RLSDK\SDK_HEADERS</Filter>
    </ClInclude>
    <ClInclude Include="..\external\RLSDK\RLSDK_w_pch_includes\SDK_HEADERS\OnlineSubsystemEOS_classes.hpp">
      <Filter>RLSDK\SDK_HEADERS</Filter>
    </ClInclude>
    <ClInclude Include="..\external\RLSDK\RLSDK_w_pch_includes\SDK_HEADERS\OnlineSubsystemEOS_parameters.hpp">
      <Filter>RLSDK\SDK_HEADERS</Filter>
    </ClInclude>
    <ClInclude Include="..\external\RLSDK\RLSDK_w_pch_includes\SDK_HEADERS\OnlineSubsystemEOS_structs.hpp">
      <Filter>RLSDK\SDK_HEADERS</Filter>
    </ClInclude>
    <ClInclude Include="..\external\RLSDK\RLSDK_w_pch_includes\SDK_HEADERS\ProjectX_classes.hpp">
      <Filter>RLSDK\SDK_HEADERS</Filter>
    </ClInclude>
    <ClInclude Include="..\external\RLSDK\RLSDK_w_pch_includes\SDK_HEADERS\ProjectX_parameters.hpp">
      <Filter>RLSDK\SDK_HEADERS</Filter>
    </ClInclude>
    <ClInclude Include="..\external\RLSDK\RLSDK_w_pch_includes\SDK_HEADERS\ProjectX_structs.hpp">
      <Filter>RLSDK\SDK_HEADERS</Filter>
    </ClInclude>
    <ClInclude Include="..\external\RLSDK\RLSDK_w_pch_includes\SDK_HEADERS\TAGame_classes.hpp">
      <Filter>RLSDK\SDK_HEADERS</Filter>
    </ClInclude>
    <ClInclude Include="..\external\RLSDK\RLSDK_w_pch_includes\SDK_HEADERS\TAGame_parameters.hpp">
      <Filter>RLSDK\SDK_HEADERS</Filter>
    </ClInclude>
    <ClInclude Include="..\external\RLSDK\RLSDK_w_pch_includes\SDK_HEADERS\TAGame_structs.hpp">
      <Filter>RLSDK\SDK_HEADERS</Filter>
    </ClInclude>
    <ClInclude Include="..\external\RLSDK\RLSDK_w_pch_includes\SDK_HEADERS\WinDrv_classes.hpp">
      <Filter>RLSDK\SDK_HEADERS</Filter>
    </ClInclude>
    <ClInclude Include="..\external\RLSDK\RLSDK_w_pch_includes\SDK_HEADERS\WinDrv_parameters.hpp">
      <Filter>RLSDK\SDK_HEADERS</Filter>
    </ClInclude>
    <ClInclude Include="..\external\RLSDK\RLSDK_w_pch_includes\SDK_HEADERS\WinDrv_structs.hpp">
      <Filter>RLSDK\SDK_HEADERS</Filter>
    </ClInclude>
    <ClInclude Include="..\external\RLSDK\RLSDK_w_pch_includes\SDK_HEADERS\XAudio2_classes.hpp">
      <Filter>RLSDK\SDK_HEADERS</Filter>
    </ClInclude>
    <ClInclude Include="..\external\RLSDK\RLSDK_w_pch_includes\SDK_HEADERS\XAudio2_parameters.hpp">
      <Filter>RLSDK\SDK_HEADERS</Filter>
    </ClInclude>
    <ClInclude Include="..\external\RLSDK\RLSDK_w_pch_includes\SDK_HEADERS\XAudio2_structs.hpp">
      <Filter>RLSDK\SDK_HEADERS</Filter>
    </ClInclude>
    <ClInclude Include="..\external\ModUtils\includes.hpp">
      <Filter>utils</Filter>
    </ClInclude>
    <ClInclude Include="..\external\ModUtils\gui\GuiTools.hpp">
      <Filter>utils\gui</Filter>
    </ClInclude>
    <ClInclude Include="..\external\ModUtils\util\Utils.hpp">
      <Filter>utils\util</Filter>
    </ClInclude>
    <ClInclude Include="..\external\BakkesmodPluginTemplate\IMGUI\imconfig.h">
      <Filter>IMGUI</Filter>
    </ClInclude>
    <ClInclude Include="..\external\BakkesmodPluginTemplate\IMGUI\imgui.h">
      <Filter>IMGUI</Filter>
    </ClInclude>
    <ClInclude Include="..\external\BakkesmodPluginTemplate\IMGUI\imgui_additions.h">
      <Filter>IMGUI</Filter>
    </ClInclude>
    <ClInclude Include="..\external\BakkesmodPluginTemplate\IMGUI\imgui_impl_dx11.h">
      <Filter>IMGUI</Filter>
    </ClInclude>
    <ClInclude Include="..\external\BakkesmodPluginTemplate\IMGUI\imgui_impl_win32.h">
      <Filter>IMGUI</Filter>
    </ClInclude>
    <ClInclude Include="..\external\BakkesmodPluginTemplate\IMGUI\imgui_internal.h">
      <Filter>IMGUI</Filter>
    </ClInclude>
    <ClInclude Include="..\external\BakkesmodPluginTemplate\IMGUI\imgui_rangeslider.h">
      <Filter>IMGUI</Filter>
    </ClInclude>
    <ClInclude Include="..\external\BakkesmodPluginTemplate\IMGUI\imgui_searchablecombo.h">
      <Filter>IMGUI</Filter>
    </ClInclude>
    <ClInclude Include="..\external\BakkesmodPluginTemplate\IMGUI\imgui_stdlib.h">
      <Filter>IMGUI</Filter>
    </ClInclude>
    <ClInclude Include="..\external\BakkesmodPluginTemplate\IMGUI\imgui_timeline.h">
      <Filter>IMGUI</Filter>
    </ClInclude>
    <ClInclude Include="..\external\BakkesmodPluginTemplate\IMGUI\imguivariouscontrols.h">
      <Filter>IMGUI</Filter>
    </ClInclude>
    <ClInclude Include="..\external\BakkesmodPluginTemplate\IMGUI\imstb_rectpack.h">
      <Filter>IMGUI</Filter>
    </ClInclude>
    <ClInclude Include="..\external\BakkesmodPluginTemplate\IMGUI\imstb_textedit.h">
      <Filter>IMGUI</Filter>
    </ClInclude>
    <ClInclude Include="..\external\BakkesmodPluginTemplate\IMGUI\imstb_truetype.h">
      <Filter>IMGUI</Filter>
    </ClInclude>
  </ItemGroup>
  <ItemGroup>
    <ResourceCompile Include="CustomQuickchat.rc">
      <Filter>Resource Files</Filter>
    </ResourceCompile>
  </ItemGroup>
</Project>